
Microsoft Visual Studio Solution File, Format Version 12.00
# Visual Studio Version 16
VisualStudioVersion = 16.0.29613.14
MinimumVisualStudioVersion = 10.0.40219.1
Project("{FAE04EC0-301F-11D3-BF4B-00C04F79EFBC}") = "LEDController", "LEDController\LEDController.csproj", "{E25CC1B5-61DC-4E5A-A103-17D48252BF8D}"
EndProject
Global
	GlobalSection(SolutionConfigurationPlatforms) = preSolution
		Debug|Any CPU = Debug|Any CPU
		Release|Any CPU = Release|Any CPU
	EndGlobalSection
	GlobalSection(ProjectConfigurationPlatforms) = postSolution
		{E25CC1B5-61DC-4E5A-A103-17D48252BF8D}.Debug|Any CPU.ActiveCfg = Debug|Any CPU
		{E25CC1B5-61DC-4E5A-A103-17D48252BF8D}.Debug|Any CPU.Build.0 = Debug|Any CPU
		{E25CC1B5-61DC-4E5A-A103-17D48252BF8D}.Release|Any CPU.ActiveCfg = Release|Any CPU
		{E25CC1B5-61DC-4E5A-A103-17D48252BF8D}.Release|Any CPU.Build.0 = Release|Any CPU
	EndGlobalSection
	GlobalSection(SolutionProperties) = preSolution
		HideSolutionNode = FALSE
	EndGlobalSection
	GlobalSection(ExtensibilityGlobals) = postSolution
		SolutionGuid = {D54C3DFE-F4FB-4154-B65F-854D84142EDA}
	EndGlobalSection
EndGlobal
